
Microsoft Visual Studio Solution File, Format Version 12.00
# Visual Studio Version 17
VisualStudioVersion = 17.0.31903.59
MinimumVisualStudioVersion = 10.0.40219.1
Project("{9A19103F-16F7-4668-BE54-9A1E7A4F7556}") = "FollowTheLeader.Client", "FollowTheLeader.Client\FollowTheLeader.Client.csproj", "{B968E05A-5705-4E5D-A1B8-D26874702BF6}"
EndProject
Project("{9A19103F-16F7-4668-BE54-9A1E7A4F7556}") = "FollowTheLeader.Server", "FollowTheLeader.Server\FollowTheLeader.Server.csproj", "{C3D5868C-A896-4E2D-AE97-8D232AD9CE48}"
EndProject
Project("{9A19103F-16F7-4668-BE54-9A1E7A4F7556}") = "FollowTheLeader.Shared", "FollowTheLeader.Shared\FollowTheLeader.Shared.csproj", "{60A03C40-ADC1-477E-A741-25DB326E95BE}"
EndProject
Global
	GlobalSection(SolutionConfigurationPlatforms) = preSolution
		Debug|Any CPU = Debug|Any CPU
		Release|Any CPU = Release|Any CPU
	EndGlobalSection
	GlobalSection(ProjectConfigurationPlatforms) = postSolution
		{B968E05A-5705-4E5D-A1B8-D26874702BF6}.Debug|Any CPU.ActiveCfg = Debug|Any CPU
		{B968E05A-5705-4E5D-A1B8-D26874702BF6}.Debug|Any CPU.Build.0 = Debug|Any CPU
		{B968E05A-5705-4E5D-A1B8-D26874702BF6}.Release|Any CPU.ActiveCfg = Release|Any CPU
		{B968E05A-5705-4E5D-A1B8-D26874702BF6}.Release|Any CPU.Build.0 = Release|Any CPU
		{C3D5868C-A896-4E2D-AE97-8D232AD9CE48}.Debug|Any CPU.ActiveCfg = Debug|Any CPU
		{C3D5868C-A896-4E2D-AE97-8D232AD9CE48}.Debug|Any CPU.Build.0 = Debug|Any CPU
		{C3D5868C-A896-4E2D-AE97-8D232AD9CE48}.Release|Any CPU.ActiveCfg = Release|Any CPU
		{C3D5868C-A896-4E2D-AE97-8D232AD9CE48}.Release|Any CPU.Build.0 = Release|Any CPU
		{60A03C40-ADC1-477E-A741-25DB326E95BE}.Debug|Any CPU.ActiveCfg = Debug|Any CPU
		{60A03C40-ADC1-477E-A741-25DB326E95BE}.Debug|Any CPU.Build.0 = Debug|Any CPU
		{60A03C40-ADC1-477E-A741-25DB326E95BE}.Release|Any CPU.ActiveCfg = Release|Any CPU
		{60A03C40-ADC1-477E-A741-25DB326E95BE}.Release|Any CPU.Build.0 = Release|Any CPU
	EndGlobalSection
	GlobalSection(SolutionProperties) = preSolution
		HideSolutionNode = FALSE
	EndGlobalSection
	GlobalSection(ExtensibilityGlobals) = postSolution
		SolutionGuid = {106A0202-ADBD-4400-8F4B-6A099AFBB004}
	EndGlobalSection
EndGlobal
